
Microsoft Visual Studio Solution File, Format Version 12.00
# Visual Studio 15
VisualStudioVersion = 15.0.26403.7
MinimumVisualStudioVersion = 10.0.40219.1
Project("{FAE04EC0-301F-11D3-BF4B-00C04F79EFBC}") = "RabinKarp", "RabinKarp\RabinKarp.csproj", "{F2913DC7-B7CD-44F1-92DD-37A9E042634E}"
EndProject
Project("{FAE04EC0-301F-11D3-BF4B-00C04F79EFBC}") = "KarpRabin", "ClassLibrary1\KarpRabin.csproj", "{22801894-3516-4906-B4B8-D64EEA5B8441}"
EndProject
Global
	GlobalSection(SolutionConfigurationPlatforms) = preSolution
		Debug|Any CPU = Debug|Any CPU
		Release|Any CPU = Release|Any CPU
	EndGlobalSection
	GlobalSection(ProjectConfigurationPlatforms) = postSolution
		{F2913DC7-B7CD-44F1-92DD-37A9E042634E}.Debug|Any CPU.ActiveCfg = Debug|Any CPU
		{F2913DC7-B7CD-44F1-92DD-37A9E042634E}.Debug|Any CPU.Build.0 = Debug|Any CPU
		{F2913DC7-B7CD-44F1-92DD-37A9E042634E}.Release|Any CPU.ActiveCfg = Release|Any CPU
		{F2913DC7-B7CD-44F1-92DD-37A9E042634E}.Release|Any CPU.Build.0 = Release|Any CPU
		{22801894-3516-4906-B4B8-D64EEA5B8441}.Debug|Any CPU.ActiveCfg = Debug|Any CPU
		{22801894-3516-4906-B4B8-D64EEA5B8441}.Debug|Any CPU.Build.0 = Debug|Any CPU
		{22801894-3516-4906-B4B8-D64EEA5B8441}.Release|Any CPU.ActiveCfg = Release|Any CPU
		{22801894-3516-4906-B4B8-D64EEA5B8441}.Release|Any CPU.Build.0 = Release|Any CPU
	EndGlobalSection
	GlobalSection(SolutionProperties) = preSolution
		HideSolutionNode = FALSE
	EndGlobalSection
EndGlobal
